{
  "name": "com.yoyohan.scrollviewtool",
  "version": "1.0.0",
  "lockfileVersion": 1,
  "requires": true,
  "dependencies": {
    "com.yoyohan.netimagemgr": {
      "version": "git+https://github.com/yoyohan1/Unity_NetImageMgr.git#b97dbe52cb1bad913af7b1431622aad7ab92a03f",
      "from": "git+https://github.com/yoyohan1/Unity_NetImageMgr.git#1.0.0"
    }
  }
}
